
Microsoft Visual Studio Solution File, Format Version 12.00
# Visual Studio Version 17
VisualStudioVersion = 17.6.33801.468
MinimumVisualStudioVersion = 10.0.40219.1
Project("{FAE04EC0-301F-11D3-BF4B-00C04F79EFBC}") = "serverMaestro", "serverMaestro\serverMaestro.csproj", "{16E6E2AE-8DF1-4931-842F-C7C87BF89AD4}"
EndProject
Global
	GlobalSection(SolutionConfigurationPlatforms) = preSolution
		Debug|Any CPU = Debug|Any CPU
		Release|Any CPU = Release|Any CPU
	EndGlobalSection
	GlobalSection(ProjectConfigurationPlatforms) = postSolution
		{16E6E2AE-8DF1-4931-842F-C7C87BF89AD4}.Debug|Any CPU.ActiveCfg = Debug|Any CPU
		{16E6E2AE-8DF1-4931-842F-C7C87BF89AD4}.Debug|Any CPU.Build.0 = Debug|Any CPU
		{16E6E2AE-8DF1-4931-842F-C7C87BF89AD4}.Release|Any CPU.ActiveCfg = Release|Any CPU
		{16E6E2AE-8DF1-4931-842F-C7C87BF89AD4}.Release|Any CPU.Build.0 = Release|Any CPU
	EndGlobalSection
	GlobalSection(SolutionProperties) = preSolution
		HideSolutionNode = FALSE
	EndGlobalSection
	GlobalSection(ExtensibilityGlobals) = postSolution
		SolutionGuid = {6275C366-587B-4C85-83E1-394CC5C9ED74}
	EndGlobalSection
EndGlobal
